
Microsoft Visual Studio Solution File, Format Version 12.00
# Visual Studio Version 17
VisualStudioVersion = 17.7.34031.279
MinimumVisualStudioVersion = 10.0.40219.1
Project("{FAE04EC0-301F-11D3-BF4B-00C04F79EFBC}") = "HW1task3", "HW1task3\HW1task3.csproj", "{642B84FD-5CCB-41C1-A43D-2F775D843420}"
EndProject
Global
	GlobalSection(SolutionConfigurationPlatforms) = preSolution
		Debug|Any CPU = Debug|Any CPU
		Release|Any CPU = Release|Any CPU
	EndGlobalSection
	GlobalSection(ProjectConfigurationPlatforms) = postSolution
		{642B84FD-5CCB-41C1-A43D-2F775D843420}.Debug|Any CPU.ActiveCfg = Debug|Any CPU
		{642B84FD-5CCB-41C1-A43D-2F775D843420}.Debug|Any CPU.Build.0 = Debug|Any CPU
		{642B84FD-5CCB-41C1-A43D-2F775D843420}.Release|Any CPU.ActiveCfg = Release|Any CPU
		{642B84FD-5CCB-41C1-A43D-2F775D843420}.Release|Any CPU.Build.0 = Release|Any CPU
	EndGlobalSection
	GlobalSection(SolutionProperties) = preSolution
		HideSolutionNode = FALSE
	EndGlobalSection
	GlobalSection(ExtensibilityGlobals) = postSolution
		SolutionGuid = {470CA3DC-D1A9-4539-9574-93DA13C9C276}
	EndGlobalSection
EndGlobal
